<?xml version="1.0" encoding="utf-8"?>
<Project ToolsVersion="4.0" xmlns="http://schemas.microsoft.com/developer/msbuild/2003">
  <ItemGroup>
    <Filter Include="Source Files">
      <UniqueIdentifier>{4FC737F1-C7A5-4376-A066-2A32D752A2FF}</UniqueIdentifier>
      <Extensions>cpp;c;cc;cxx;def;odl;idl;hpj;bat;asm;asmx</Extensions>
    </Filter>
    <Filter Include="Header Files">
      <UniqueIdentifier>{93995380-89BD-4b04-88EB-625FBE52EBFB}</UniqueIdentifier>
      <Extensions>h;hh;hpp;hxx;hm;inl;inc;xsd</Extensions>
    </Filter>
    <Filter Include="Resource Files">
      <UniqueIdentifier>{67DA6AB6-F800-4c08-8B7A-83BB121AAD01}</UniqueIdentifier>
      <Extensions>rc;ico;cur;bmp;dlg;rc2;rct;bin;rgs;gif;jpg;jpeg;jpe;resx;tiff;tif;png;wav;mfcribbon-ms</Extensions>
    </Filter>
  </ItemGroup>
  <ItemGroup>
    <ClCompile Include="src\libraries\ADC.c">
      <Filter>Source Files</Filter>
    </ClCompile>
    <ClCompile Include="src\libraries\ARP.c">
      <Filter>Source Files</Filter>
    </ClCompile>
    <ClCompile Include="src\libraries\DS1990.c">
      <Filter>Source Files</Filter>
    </ClCompile>
    <ClCompile Include="src\libraries\ENC28J60.c">
      <Filter>Source Files</Filter>
    </ClCompile>
    <ClCompile Include="src\libraries\Ethernet.c">
      <Filter>Source Files</Filter>
    </ClCompile>
    <ClCompile Include="src\libraries\HTTP.c">
      <Filter>Source Files</Filter>
    </ClCompile>
    <ClCompile Include="src\libraries\hwUart.c">
      <Filter>Source Files</Filter>
    </ClCompile>
    <ClCompile Include="src\libraries\hwUart_LPC81xM.c">
      <Filter>Source Files</Filter>
    </ClCompile>
    <ClCompile Include="src\libraries\i2c.c">
      <Filter>Source Files</Filter>
    </ClCompile>
    <ClCompile Include="src\libraries\i2c_LCP81xM.c">
      <Filter>Source Files</Filter>
    </ClCompile>
    <ClCompile Include="src\libraries\io_config.c">
      <Filter>Source Files</Filter>
    </ClCompile>
    <ClCompile Include="src\libraries\IP.c">
      <Filter>Source Files</Filter>
    </ClCompile>
    <ClCompile Include="src\libraries\modules.c">
      <Filter>Source Files</Filter>
    </ClCompile>
    <ClCompile Include="src\libraries\Ping.c">
      <Filter>Source Files</Filter>
    </ClCompile>
    <ClCompile Include="src\libraries\pins.c">
      <Filter>Source Files</Filter>
    </ClCompile>
    <ClCompile Include="src\libraries\PWM.c">
      <Filter>Source Files</Filter>
    </ClCompile>
    <ClCompile Include="src\libraries\servo.c">
      <Filter>Source Files</Filter>
    </ClCompile>
    <ClCompile Include="src\libraries\SPI.c">
      <Filter>Source Files</Filter>
    </ClCompile>
    <ClCompile Include="src\libraries\TCP.c">
      <Filter>Source Files</Filter>
    </ClCompile>
    <ClCompile Include="src\libraries\timer.c">
      <Filter>Source Files</Filter>
    </ClCompile>
    <ClCompile Include="src\libraries\uart.c">
      <Filter>Source Files</Filter>
    </ClCompile>
    <ClCompile Include="src\libraries\uart_LCP81xM.c">
      <Filter>Source Files</Filter>
    </ClCompile>
    <ClCompile Include="src\main.c">
      <Filter>Source Files</Filter>
    </ClCompile>
  </ItemGroup>
  <ItemGroup>
    <ClInclude Include="src\libraries\ADC.h">
      <Filter>Header Files</Filter>
    </ClInclude>
    <ClInclude Include="src\libraries\ARP.h">
      <Filter>Header Files</Filter>
    </ClInclude>
    <ClInclude Include="src\libraries\DS1990.h">
      <Filter>Header Files</Filter>
    </ClInclude>
    <ClInclude Include="src\libraries\ENC28J60.h">
      <Filter>Header Files</Filter>
    </ClInclude>
    <ClInclude Include="src\libraries\Ethernet.h">
      <Filter>Header Files</Filter>
    </ClInclude>
    <ClInclude Include="src\libraries\HTTP.h">
      <Filter>Header Files</Filter>
    </ClInclude>
    <ClInclude Include="src\libraries\hwUart.h">
      <Filter>Header Files</Filter>
    </ClInclude>
    <ClInclude Include="src\libraries\hwUart_LPC81xM.h">
      <Filter>Header Files</Filter>
    </ClInclude>
    <ClInclude Include="src\libraries\i2c.h">
      <Filter>Header Files</Filter>
    </ClInclude>
    <ClInclude Include="src\libraries\i2c_LCP81xM.h">
      <Filter>Header Files</Filter>
    </ClInclude>
    <ClInclude Include="src\libraries\index.h">
      <Filter>Header Files</Filter>
    </ClInclude>
    <ClInclude Include="src\libraries\io_config.h">
      <Filter>Header Files</Filter>
    </ClInclude>
    <ClInclude Include="src\libraries\IP.h">
      <Filter>Header Files</Filter>
    </ClInclude>
    <ClInclude Include="src\libraries\modules.h">
      <Filter>Header Files</Filter>
    </ClInclude>
    <ClInclude Include="src\libraries\Ping.h">
      <Filter>Header Files</Filter>
    </ClInclude>
    <ClInclude Include="src\libraries\pins.h">
      <Filter>Header Files</Filter>
    </ClInclude>
    <ClInclude Include="src\libraries\PWM.h">
      <Filter>Header Files</Filter>
    </ClInclude>
    <ClInclude Include="src\libraries\servo.h">
      <Filter>Header Files</Filter>
    </ClInclude>
    <ClInclude Include="src\libraries\SPI.h">
      <Filter>Header Files</Filter>
    </ClInclude>
    <ClInclude Include="src\libraries\stats.h">
      <Filter>Header Files</Filter>
    </ClInclude>
    <ClInclude Include="src\libraries\TCP.h">
      <Filter>Header Files</Filter>
    </ClInclude>
    <ClInclude Include="src\libraries\timer.h">
      <Filter>Header Files</Filter>
    </ClInclude>
    <ClInclude Include="src\libraries\toggle.h">
      <Filter>Header Files</Filter>
    </ClInclude>
    <ClInclude Include="src\libraries\uart.h">
      <Filter>Header Files</Filter>
    </ClInclude>
    <ClInclude Include="src\libraries\uart_LCP81xM.h">
      <Filter>Header Files</Filter>
    </ClInclude>
  </ItemGroup>
  <ItemGroup>
    <None Include="src\Makefile" />
  </ItemGroup>
</Project>