
Microsoft Visual Studio Solution File, Format Version 12.00
# Visual Studio 2013
VisualStudioVersion = 12.0.30723.0
MinimumVisualStudioVersion = 10.0.40219.1
Project("{8BC9CEB8-8B4A-11D0-8D11-00A0C91BC942}") = "MicroController", "MicroController\MicroController.vcxproj", "{46C5C9CE-2712-4EB1-A181-622AF1F5193E}"
EndProject
Global
	GlobalSection(SolutionConfigurationPlatforms) = preSolution
		Debug|Win32 = Debug|Win32
		Release|Win32 = Release|Win32
	EndGlobalSection
	GlobalSection(ProjectConfigurationPlatforms) = postSolution
		{46C5C9CE-2712-4EB1-A181-622AF1F5193E}.Debug|Win32.ActiveCfg = Debug|Win32
		{46C5C9CE-2712-4EB1-A181-622AF1F5193E}.Debug|Win32.Build.0 = Debug|Win32
		{46C5C9CE-2712-4EB1-A181-622AF1F5193E}.Release|Win32.ActiveCfg = Release|Win32
		{46C5C9CE-2712-4EB1-A181-622AF1F5193E}.Release|Win32.Build.0 = Release|Win32
	EndGlobalSection
	GlobalSection(SolutionProperties) = preSolution
		HideSolutionNode = FALSE
	EndGlobalSection
EndGlobal
